
Microsoft Visual Studio Solution File, Format Version 12.00
# Visual Studio Version 16
VisualStudioVersion = 16.0.31911.196
MinimumVisualStudioVersion = 10.0.40219.1
Project("{FAE04EC0-301F-11D3-BF4B-00C04F79EFBC}") = "Grafisk-Kalkylator", "Grafisk-Kalkylator\Grafisk-Kalkylator.csproj", "{CAE5ED1F-4DBE-414D-8278-FDB38D91838B}"
EndProject
Global
	GlobalSection(SolutionConfigurationPlatforms) = preSolution
		Debug|Any CPU = Debug|Any CPU
		Release|Any CPU = Release|Any CPU
	EndGlobalSection
	GlobalSection(ProjectConfigurationPlatforms) = postSolution
		{CAE5ED1F-4DBE-414D-8278-FDB38D91838B}.Debug|Any CPU.ActiveCfg = Debug|Any CPU
		{CAE5ED1F-4DBE-414D-8278-FDB38D91838B}.Debug|Any CPU.Build.0 = Debug|Any CPU
		{CAE5ED1F-4DBE-414D-8278-FDB38D91838B}.Release|Any CPU.ActiveCfg = Release|Any CPU
		{CAE5ED1F-4DBE-414D-8278-FDB38D91838B}.Release|Any CPU.Build.0 = Release|Any CPU
	EndGlobalSection
	GlobalSection(SolutionProperties) = preSolution
		HideSolutionNode = FALSE
	EndGlobalSection
	GlobalSection(ExtensibilityGlobals) = postSolution
		SolutionGuid = {3D1181B9-F2B0-47FA-8EA3-198703626EBD}
	EndGlobalSection
EndGlobal
